
Microsoft Visual Studio Solution File, Format Version 12.00
# Visual Studio Version 17
VisualStudioVersion = 17.2.32526.322
MinimumVisualStudioVersion = 10.0.40219.1
Project("{FAE04EC0-301F-11D3-BF4B-00C04F79EFBC}") = "MyEvernote.WebApp", "MyEvernote.WebApp\MyEvernote.WebApp.csproj", "{640E4D6C-6B93-4C65-9459-CFFBB39EEDDC}"
EndProject
Project("{FAE04EC0-301F-11D3-BF4B-00C04F79EFBC}") = "MyEvernote.Entites", "MyEvernote.Entites\MyEvernote.Entites.csproj", "{8C1CFB5B-869B-4C3E-9014-D9A50EEDE71C}"
EndProject
Project("{FAE04EC0-301F-11D3-BF4B-00C04F79EFBC}") = "MyEvernote.DataAccessLayer", "MyEvernote.DataAccessLayer\MyEvernote.DataAccessLayer.csproj", "{45BD0B5A-65FC-4A10-827B-7A67CFD7B69A}"
EndProject
Project("{FAE04EC0-301F-11D3-BF4B-00C04F79EFBC}") = "MyEvernote.BussinessLayer", "MyEvernote.BussinessLayer\MyEvernote.BussinessLayer.csproj", "{6E87DB7F-76B2-49C9-85EE-E9876DDE78CD}"
EndProject
Project("{FAE04EC0-301F-11D3-BF4B-00C04F79EFBC}") = "MyEvernote.Common", "MyEvernote.Common\MyEvernote.Common.csproj", "{248748F9-FFCF-40CC-A97E-C252CA4F099C}"
EndProject
Project("{FAE04EC0-301F-11D3-BF4B-00C04F79EFBC}") = "MyEvernote.Core", "MyEvernote.Core\MyEvernote.Core.csproj", "{BCEB9464-FF91-48F7-8636-ACA3F27B4340}"
EndProject
Global
	GlobalSection(SolutionConfigurationPlatforms) = preSolution
		Debug|Any CPU = Debug|Any CPU
		Release|Any CPU = Release|Any CPU
	EndGlobalSection
	GlobalSection(ProjectConfigurationPlatforms) = postSolution
		{640E4D6C-6B93-4C65-9459-CFFBB39EEDDC}.Debug|Any CPU.ActiveCfg = Debug|Any CPU
		{640E4D6C-6B93-4C65-9459-CFFBB39EEDDC}.Debug|Any CPU.Build.0 = Debug|Any CPU
		{640E4D6C-6B93-4C65-9459-CFFBB39EEDDC}.Release|Any CPU.ActiveCfg = Release|Any CPU
		{640E4D6C-6B93-4C65-9459-CFFBB39EEDDC}.Release|Any CPU.Build.0 = Release|Any CPU
		{8C1CFB5B-869B-4C3E-9014-D9A50EEDE71C}.Debug|Any CPU.ActiveCfg = Debug|Any CPU
		{8C1CFB5B-869B-4C3E-9014-D9A50EEDE71C}.Debug|Any CPU.Build.0 = Debug|Any CPU
		{8C1CFB5B-869B-4C3E-9014-D9A50EEDE71C}.Release|Any CPU.ActiveCfg = Release|Any CPU
		{8C1CFB5B-869B-4C3E-9014-D9A50EEDE71C}.Release|Any CPU.Build.0 = Release|Any CPU
		{45BD0B5A-65FC-4A10-827B-7A67CFD7B69A}.Debug|Any CPU.ActiveCfg = Debug|Any CPU
		{45BD0B5A-65FC-4A10-827B-7A67CFD7B69A}.Debug|Any CPU.Build.0 = Debug|Any CPU
		{45BD0B5A-65FC-4A10-827B-7A67CFD7B69A}.Release|Any CPU.ActiveCfg = Release|Any CPU
		{45BD0B5A-65FC-4A10-827B-7A67CFD7B69A}.Release|Any CPU.Build.0 = Release|Any CPU
		{6E87DB7F-76B2-49C9-85EE-E9876DDE78CD}.Debug|Any CPU.ActiveCfg = Debug|Any CPU
		{6E87DB7F-76B2-49C9-85EE-E9876DDE78CD}.Debug|Any CPU.Build.0 = Debug|Any CPU
		{6E87DB7F-76B2-49C9-85EE-E9876DDE78CD}.Release|Any CPU.ActiveCfg = Release|Any CPU
		{6E87DB7F-76B2-49C9-85EE-E9876DDE78CD}.Release|Any CPU.Build.0 = Release|Any CPU
		{248748F9-FFCF-40CC-A97E-C252CA4F099C}.Debug|Any CPU.ActiveCfg = Debug|Any CPU
		{248748F9-FFCF-40CC-A97E-C252CA4F099C}.Debug|Any CPU.Build.0 = Debug|Any CPU
		{248748F9-FFCF-40CC-A97E-C252CA4F099C}.Release|Any CPU.ActiveCfg = Release|Any CPU
		{248748F9-FFCF-40CC-A97E-C252CA4F099C}.Release|Any CPU.Build.0 = Release|Any CPU
		{BCEB9464-FF91-48F7-8636-ACA3F27B4340}.Debug|Any CPU.ActiveCfg = Debug|Any CPU
		{BCEB9464-FF91-48F7-8636-ACA3F27B4340}.Debug|Any CPU.Build.0 = Debug|Any CPU
		{BCEB9464-FF91-48F7-8636-ACA3F27B4340}.Release|Any CPU.ActiveCfg = Release|Any CPU
		{BCEB9464-FF91-48F7-8636-ACA3F27B4340}.Release|Any CPU.Build.0 = Release|Any CPU
	EndGlobalSection
	GlobalSection(SolutionProperties) = preSolution
		HideSolutionNode = FALSE
	EndGlobalSection
	GlobalSection(ExtensibilityGlobals) = postSolution
		SolutionGuid = {503D7E82-B314-4316-9A70-8A475739EA66}
	EndGlobalSection
EndGlobal
